// !$*UTF8*$!
{
	archiveVersion = 1;
	classes = {
	};
	objectVersion = 46;
	objects = {

/* Begin PBXBuildFile section */
		1D3623260D0F684500981E51 /* kaleAppDelegate.mm in Sources */ = {isa = PBXBuildFile; fileRef = 1D3623250D0F684500981E51 /* kaleAppDelegate.mm */; };
		1D60589B0D05DD56006BFB54 /* main.m in Sources */ = {isa = PBXBuildFile; fileRef = 29B97316FDCFA39411CA2CEA /* main.m */; };
		1D60589F0D05DD5A006BFB54 /* Foundation.framework in Frameworks */ = {isa = PBXBuildFile; fileRef = 1D30AB110D05D00D00671497 /* Foundation.framework */; };
		1DF5F4E00D08C38300B7A737 /* UIKit.framework in Frameworks */ = {isa = PBXBuildFile; fileRef = 1DF5F4DF0D08C38300B7A737 /* UIKit.framework */; };
		288765FD0DF74451002DB57D /* CoreGraphics.framework in Frameworks */ = {isa = PBXBuildFile; fileRef = 288765FC0DF74451002DB57D /* CoreGraphics.framework */; };
		420ED750121F8754004AA074 /* contact_listener.cpp in Sources */ = {isa = PBXBuildFile; fileRef = 420ED74F121F8754004AA074 /* contact_listener.cpp */; };
		420ED7B9121F89A2004AA074 /* media in Resources */ = {isa = PBXBuildFile; fileRef = 420ED7AE121F89A2004AA074 /* media */; };
		420EDBD7121FAD25004AA074 /* b2BroadPhase.cpp in Sources */ = {isa = PBXBuildFile; fileRef = 420ED94A121FAD22004AA074 /* b2BroadPhase.cpp */; };
		420EDBD8121FAD25004AA074 /* b2CollideCircle.cpp in Sources */ = {isa = PBXBuildFile; fileRef = 420ED94C121FAD22004AA074 /* b2CollideCircle.cpp */; };
		420EDBD9121FAD25004AA074 /* b2CollidePolygon.cpp in Sources */ = {isa = PBXBuildFile; fileRef = 420ED94D121FAD22004AA074 /* b2CollidePolygon.cpp */; };
		420EDBDA121FAD25004AA074 /* b2Collision.cpp in Sources */ = {isa = PBXBuildFile; fileRef = 420ED94E121FAD22004AA074 /* b2Collision.cpp */; };
		420EDBDB121FAD25004AA074 /* b2Distance.cpp in Sources */ = {isa = PBXBuildFile; fileRef = 420ED950121FAD22004AA074 /* b2Distance.cpp */; };
		420EDBDC121FAD25004AA074 /* b2DynamicTree.cpp in Sources */ = {isa = PBXBuildFile; fileRef = 420ED952121FAD22004AA074 /* b2DynamicTree.cpp */; };
		420EDBDD121FAD25004AA074 /* b2TimeOfImpact.cpp in Sources */ = {isa = PBXBuildFile; fileRef = 420ED954121FAD22004AA074 /* b2TimeOfImpact.cpp */; };
		420EDBDE121FAD25004AA074 /* b2CircleShape.cpp in Sources */ = {isa = PBXBuildFile; fileRef = 420ED957121FAD22004AA074 /* b2CircleShape.cpp */; };
		420EDBDF121FAD25004AA074 /* b2PolygonShape.cpp in Sources */ = {isa = PBXBuildFile; fileRef = 420ED959121FAD22004AA074 /* b2PolygonShape.cpp */; };
		420EDBE0121FAD25004AA074 /* b2BlockAllocator.cpp in Sources */ = {isa = PBXBuildFile; fileRef = 420ED95D121FAD22004AA074 /* b2BlockAllocator.cpp */; };
		420EDBE1121FAD25004AA074 /* b2Math.cpp in Sources */ = {isa = PBXBuildFile; fileRef = 420ED95F121FAD22004AA074 /* b2Math.cpp */; };
		420EDBE2121FAD25004AA074 /* b2Settings.cpp in Sources */ = {isa = PBXBuildFile; fileRef = 420ED961121FAD22004AA074 /* b2Settings.cpp */; };
		420EDBE3121FAD25004AA074 /* b2StackAllocator.cpp in Sources */ = {isa = PBXBuildFile; fileRef = 420ED963121FAD22004AA074 /* b2StackAllocator.cpp */; };
		420EDBE4121FAD25004AA074 /* b2Body.cpp in Sources */ = {isa = PBXBuildFile; fileRef = 420ED966121FAD22004AA074 /* b2Body.cpp */; };
		420EDBE5121FAD25004AA074 /* b2ContactManager.cpp in Sources */ = {isa = PBXBuildFile; fileRef = 420ED968121FAD22004AA074 /* b2ContactManager.cpp */; };
		420EDBE6121FAD25004AA074 /* b2Fixture.cpp in Sources */ = {isa = PBXBuildFile; fileRef = 420ED96A121FAD22004AA074 /* b2Fixture.cpp */; };
		420EDBE7121FAD25004AA074 /* b2Island.cpp in Sources */ = {isa = PBXBuildFile; fileRef = 420ED96C121FAD22004AA074 /* b2Island.cpp */; };
		420EDBE8121FAD25004AA074 /* b2World.cpp in Sources */ = {isa = PBXBuildFile; fileRef = 420ED96F121FAD22004AA074 /* b2World.cpp */; };
		420EDBE9121FAD25004AA074 /* b2WorldCallbacks.cpp in Sources */ = {isa = PBXBuildFile; fileRef = 420ED971121FAD22004AA074 /* b2WorldCallbacks.cpp */; };
		420EDBEA121FAD25004AA074 /* b2CircleContact.cpp in Sources */ = {isa = PBXBuildFile; fileRef = 420ED974121FAD22004AA074 /* b2CircleContact.cpp */; };
		420EDBEB121FAD25004AA074 /* b2Contact.cpp in Sources */ = {isa = PBXBuildFile; fileRef = 420ED976121FAD22004AA074 /* b2Contact.cpp */; };
		420EDBEC121FAD25004AA074 /* b2ContactSolver.cpp in Sources */ = {isa = PBXBuildFile; fileRef = 420ED978121FAD22004AA074 /* b2ContactSolver.cpp */; };
		420EDBED121FAD25004AA074 /* b2PolygonAndCircleContact.cpp in Sources */ = {isa = PBXBuildFile; fileRef = 420ED97A121FAD22004AA074 /* b2PolygonAndCircleContact.cpp */; };
		420EDBEE121FAD25004AA074 /* b2PolygonContact.cpp in Sources */ = {isa = PBXBuildFile; fileRef = 420ED97C121FAD22004AA074 /* b2PolygonContact.cpp */; };
		420EDBEF121FAD25004AA074 /* b2TOISolver.cpp in Sources */ = {isa = PBXBuildFile; fileRef = 420ED97E121FAD22004AA074 /* b2TOISolver.cpp */; };
		420EDBF0121FAD25004AA074 /* b2DistanceJoint.cpp in Sources */ = {isa = PBXBuildFile; fileRef = 420ED981121FAD22004AA074 /* b2DistanceJoint.cpp */; };
		420EDBF1121FAD25004AA074 /* b2FrictionJoint.cpp in Sources */ = {isa = PBXBuildFile; fileRef = 420ED983121FAD22004AA074 /* b2FrictionJoint.cpp */; };
		420EDBF2121FAD25004AA074 /* b2GearJoint.cpp in Sources */ = {isa = PBXBuildFile; fileRef = 420ED985121FAD22004AA074 /* b2GearJoint.cpp */; };
		420EDBF3121FAD25004AA074 /* b2Joint.cpp in Sources */ = {isa = PBXBuildFile; fileRef = 420ED987121FAD22004AA074 /* b2Joint.cpp */; };
		420EDBF4121FAD25004AA074 /* b2LineJoint.cpp in Sources */ = {isa = PBXBuildFile; fileRef = 420ED989121FAD22004AA074 /* b2LineJoint.cpp */; };
		420EDBF5121FAD25004AA074 /* b2MouseJoint.cpp in Sources */ = {isa = PBXBuildFile; fileRef = 420ED98B121FAD22004AA074 /* b2MouseJoint.cpp */; };
		420EDBF6121FAD25004AA074 /* b2PrismaticJoint.cpp in Sources */ = {isa = PBXBuildFile; fileRef = 420ED98D121FAD22004AA074 /* b2PrismaticJoint.cpp */; };
		420EDBF7121FAD25004AA074 /* b2PulleyJoint.cpp in Sources */ = {isa = PBXBuildFile; fileRef = 420ED98F121FAD22004AA074 /* b2PulleyJoint.cpp */; };
		420EDBF8121FAD25004AA074 /* b2RevoluteJoint.cpp in Sources */ = {isa = PBXBuildFile; fileRef = 420ED991121FAD22004AA074 /* b2RevoluteJoint.cpp */; };
		420EDBF9121FAD25004AA074 /* b2WeldJoint.cpp in Sources */ = {isa = PBXBuildFile; fileRef = 420ED993121FAD22004AA074 /* b2WeldJoint.cpp */; };
		42308091123E8067009F05DE /* font_mgr.cpp in Sources */ = {isa = PBXBuildFile; fileRef = 42308066123E8067009F05DE /* font_mgr.cpp */; };
		42308092123E8067009F05DE /* input_mgr.cpp in Sources */ = {isa = PBXBuildFile; fileRef = 42308068123E8067009F05DE /* input_mgr.cpp */; };
		42308093123E8067009F05DE /* eagl_view.mm in Sources */ = {isa = PBXBuildFile; fileRef = 4230806C123E8067009F05DE /* eagl_view.mm */; };
		42308094123E8067009F05DE /* platform_helper_ios.mm in Sources */ = {isa = PBXBuildFile; fileRef = 4230806D123E8067009F05DE /* platform_helper_ios.mm */; };
		42308095123E8067009F05DE /* render_context_ios.mm in Sources */ = {isa = PBXBuildFile; fileRef = 4230806F123E8067009F05DE /* render_context_ios.mm */; };
		42308096123E8067009F05DE /* texture_reader_uikit.mm in Sources */ = {isa = PBXBuildFile; fileRef = 42308071123E8067009F05DE /* texture_reader_uikit.mm */; };
		42308097123E8067009F05DE /* math_helper.cpp in Sources */ = {isa = PBXBuildFile; fileRef = 42308073123E8067009F05DE /* math_helper.cpp */; };
		42308098123E8067009F05DE /* renderer_es1.cpp in Sources */ = {isa = PBXBuildFile; fileRef = 42308078123E8067009F05DE /* renderer_es1.cpp */; };
		4230809A123E8067009F05DE /* render_data.cpp in Sources */ = {isa = PBXBuildFile; fileRef = 4230807D123E8067009F05DE /* render_data.cpp */; };
		4230809B123E8067009F05DE /* root.cpp in Sources */ = {isa = PBXBuildFile; fileRef = 4230807F123E8067009F05DE /* root.cpp */; };
		4230809C123E8067009F05DE /* scene_actor.cpp in Sources */ = {isa = PBXBuildFile; fileRef = 42308081123E8067009F05DE /* scene_actor.cpp */; };
		4230809D123E8067009F05DE /* scene_mgr.cpp in Sources */ = {isa = PBXBuildFile; fileRef = 42308083123E8067009F05DE /* scene_mgr.cpp */; };
		4230809E123E8067009F05DE /* texture_mgr.cpp in Sources */ = {isa = PBXBuildFile; fileRef = 42308085123E8067009F05DE /* texture_mgr.cpp */; };
		423F03DE123C98A6008FD2BC /* updater.cpp in Sources */ = {isa = PBXBuildFile; fileRef = 423F03DD123C98A6008FD2BC /* updater.cpp */; };
		427773FA121C19EF004CAB6A /* collision_obj.cpp in Sources */ = {isa = PBXBuildFile; fileRef = 427773F9121C19EF004CAB6A /* collision_obj.cpp */; };
		42777402121C19EF004CAB6A /* mirror_obj.cpp in Sources */ = {isa = PBXBuildFile; fileRef = 42777401121C19EF004CAB6A /* mirror_obj.cpp */; };
		42B2CF9C121962C900075E3B /* QuartzCore.framework in Frameworks */ = {isa = PBXBuildFile; fileRef = 42B2CF9B121962C900075E3B /* QuartzCore.framework */; };
		42B2CFB31219630300075E3B /* AVFoundation.framework in Frameworks */ = {isa = PBXBuildFile; fileRef = 42B2CFB21219630300075E3B /* AVFoundation.framework */; };
		42B2CFB71219631000075E3B /* AudioToolbox.framework in Frameworks */ = {isa = PBXBuildFile; fileRef = 42B2CFB61219631000075E3B /* AudioToolbox.framework */; };
		42B2CFBB1219632100075E3B /* OpenAL.framework in Frameworks */ = {isa = PBXBuildFile; fileRef = 42B2CFBA1219632100075E3B /* OpenAL.framework */; };
		42B2CFBF1219633600075E3B /* OpenGLES.framework in Frameworks */ = {isa = PBXBuildFile; fileRef = 42B2CFBE1219633600075E3B /* OpenGLES.framework */; };
		42B2CFDE1219645F00075E3B /* kale.cpp in Sources */ = {isa = PBXBuildFile; fileRef = 42B2CFDD1219645F00075E3B /* kale.cpp */; };
		42BCC9491241202C001795B1 /* Icon-72.png in Resources */ = {isa = PBXBuildFile; fileRef = 42BCC9431241202C001795B1 /* Icon-72.png */; };
		42BCC94B1241202C001795B1 /* Icon-Small-50.png in Resources */ = {isa = PBXBuildFile; fileRef = 42BCC9451241202C001795B1 /* Icon-Small-50.png */; };
		42BCC94D1241202C001795B1 /* Icon-Small.png in Resources */ = {isa = PBXBuildFile; fileRef = 42BCC9471241202C001795B1 /* Icon-Small.png */; };
		42BCC94E1241202C001795B1 /* Icon.png in Resources */ = {isa = PBXBuildFile; fileRef = 42BCC9481241202C001795B1 /* Icon.png */; };
		F601D3C4178A7D8100A8C289 /* Default-568h@2x.png in Resources */ = {isa = PBXBuildFile; fileRef = F601D3C3178A7D8100A8C289 /* Default-568h@2x.png */; };
		F639A22414FC881D00AD1BF2 /* txt_actor.cpp in Sources */ = {isa = PBXBuildFile; fileRef = F639A22214FC881D00AD1BF2 /* txt_actor.cpp */; };
		F639A22714FC885200AD1BF2 /* sys_helper.cpp in Sources */ = {isa = PBXBuildFile; fileRef = F639A22514FC885200AD1BF2 /* sys_helper.cpp */; };
		F6403DDF178AF0ED001699CA /* audio_handler_al_apple.mm in Sources */ = {isa = PBXBuildFile; fileRef = F6403DCF178AF0ED001699CA /* audio_handler_al_apple.mm */; };
		F6403DE0178AF0ED001699CA /* MyOpenALSupport.mm in Sources */ = {isa = PBXBuildFile; fileRef = F6403DD2178AF0ED001699CA /* MyOpenALSupport.mm */; };
		F6403DE1178AF0ED001699CA /* audio_handler_al.cpp in Sources */ = {isa = PBXBuildFile; fileRef = F6403DD3178AF0ED001699CA /* audio_handler_al.cpp */; };
		F6403DE2178AF0ED001699CA /* audio_mgr.cpp in Sources */ = {isa = PBXBuildFile; fileRef = F6403DD5178AF0ED001699CA /* audio_mgr.cpp */; };
		F6403DE3178AF0ED001699CA /* audio_platform_helper_ios.mm in Sources */ = {isa = PBXBuildFile; fileRef = F6403DD9178AF0ED001699CA /* audio_platform_helper_ios.mm */; };
		F6A4A1B11271FE86005C0692 /* platform_helper_apple.mm in Sources */ = {isa = PBXBuildFile; fileRef = F6A4A1B01271FE86005C0692 /* platform_helper_apple.mm */; };
		F6A5D089125702BF00EA37EE /* Icon@2x.png in Resources */ = {isa = PBXBuildFile; fileRef = F6A5D088125702BF00EA37EE /* Icon@2x.png */; };
		F6A5D24E1257690D00EA37EE /* Icon-Small@2x.png in Resources */ = {isa = PBXBuildFile; fileRef = F6A5D24D1257690D00EA37EE /* Icon-Small@2x.png */; };
/* End PBXBuildFile section */

/* Begin PBXFileReference section */
		1D30AB110D05D00D00671497 /* Foundation.framework */ = {isa = PBXFileReference; lastKnownFileType = wrapper.framework; name = Foundation.framework; path = System/Library/Frameworks/Foundation.framework; sourceTree = SDKROOT; };
		1D3623240D0F684500981E51 /* kaleAppDelegate.h */ = {isa = PBXFileReference; fileEncoding = 4; lastKnownFileType = sourcecode.c.h; path = kaleAppDelegate.h; sourceTree = "<group>"; };
		1D3623250D0F684500981E51 /* kaleAppDelegate.mm */ = {isa = PBXFileReference; fileEncoding = 4; lastKnownFileType = sourcecode.cpp.objcpp; path = kaleAppDelegate.mm; sourceTree = "<group>"; };
		1D6058910D05DD3D006BFB54 /* kico.app */ = {isa = PBXFileReference; explicitFileType = wrapper.application; includeInIndex = 0; path = kico.app; sourceTree = BUILT_PRODUCTS_DIR; };
		1DF5F4DF0D08C38300B7A737 /* UIKit.framework */ = {isa = PBXFileReference; lastKnownFileType = wrapper.framework; name = UIKit.framework; path = System/Library/Frameworks/UIKit.framework; sourceTree = SDKROOT; };
		288765FC0DF74451002DB57D /* CoreGraphics.framework */ = {isa = PBXFileReference; lastKnownFileType = wrapper.framework; name = CoreGraphics.framework; path = System/Library/Frameworks/CoreGraphics.framework; sourceTree = SDKROOT; };
		29B97316FDCFA39411CA2CEA /* main.m */ = {isa = PBXFileReference; fileEncoding = 4; lastKnownFileType = sourcecode.c.objc; path = main.m; sourceTree = "<group>"; };
		32CA4F630368D1EE00C91783 /* kale_Prefix.pch */ = {isa = PBXFileReference; fileEncoding = 4; lastKnownFileType = sourcecode.c.h; path = kale_Prefix.pch; sourceTree = "<group>"; };
		420ED74E121F8754004AA074 /* contact_listener.h */ = {isa = PBXFileReference; fileEncoding = 4; lastKnownFileType = sourcecode.c.h; path = contact_listener.h; sourceTree = "<group>"; };
		420ED74F121F8754004AA074 /* contact_listener.cpp */ = {isa = PBXFileReference; fileEncoding = 4; lastKnownFileType = sourcecode.cpp.cpp; path = contact_listener.cpp; sourceTree = "<group>"; };
		420ED7AE121F89A2004AA074 /* media */ = {isa = PBXFileReference; lastKnownFileType = folder; path = media; sourceTree = "<group>"; };
		420ED946121FAD22004AA074 /* Box2D.h */ = {isa = PBXFileReference; fileEncoding = 4; lastKnownFileType = sourcecode.c.h; name = Box2D.h; path = Box2D/Box2D.h; sourceTree = "<group>"; };
		420ED94A121FAD22004AA074 /* b2BroadPhase.cpp */ = {isa = PBXFileReference; fileEncoding = 4; lastKnownFileType = sourcecode.cpp.cpp; path = b2BroadPhase.cpp; sourceTree = "<group>"; };
		420ED94B121FAD22004AA074 /* b2BroadPhase.h */ = {isa = PBXFileReference; fileEncoding = 4; lastKnownFileType = sourcecode.c.h; path = b2BroadPhase.h; sourceTree = "<group>"; };
		420ED94C121FAD22004AA074 /* b2CollideCircle.cpp */ = {isa = PBXFileReference; fileEncoding = 4; lastKnownFileType = sourcecode.cpp.cpp; path = b2CollideCircle.cpp; sourceTree = "<group>"; };
		420ED94D121FAD22004AA074 /* b2CollidePolygon.cpp */ = {isa = PBXFileReference; fileEncoding = 4; lastKnownFileType = sourcecode.cpp.cpp; path = b2CollidePolygon.cpp; sourceTree = "<group>"; };
		420ED94E121FAD22004AA074 /* b2Collision.cpp */ = {isa = PBXFileReference; fileEncoding = 4; lastKnownFileType = sourcecode.cpp.cpp; path = b2Collision.cpp; sourceTree = "<group>"; };
		420ED94F121FAD22004AA074 /* b2Collision.h */ = {isa = PBXFileReference; fileEncoding = 4; lastKnownFileType = sourcecode.c.h; path = b2Collision.h; sourceTree = "<group>"; };
		420ED950121FAD22004AA074 /* b2Distance.cpp */ = {isa = PBXFileReference; fileEncoding = 4; lastKnownFileType = sourcecode.cpp.cpp; path = b2Distance.cpp; sourceTree = "<group>"; };
		420ED951121FAD22004AA074 /* b2Distance.h */ = {isa = PBXFileReference; fileEncoding = 4; lastKnownFileType = sourcecode.c.h; path = b2Distance.h; sourceTree = "<group>"; };
		420ED952121FAD22004AA074 /* b2DynamicTree.cpp */ = {isa = PBXFileReference; fileEncoding = 4; lastKnownFileType = sourcecode.cpp.cpp; path = b2DynamicTree.cpp; sourceTree = "<group>"; };
		420ED953121FAD22004AA074 /* b2DynamicTree.h */ = {isa = PBXFileReference; fileEncoding = 4; lastKnownFileType = sourcecode.c.h; path = b2DynamicTree.h; sourceTree = "<group>"; };
		420ED954121FAD22004AA074 /* b2TimeOfImpact.cpp */ = {isa = PBXFileReference; fileEncoding = 4; lastKnownFileType = sourcecode.cpp.cpp; path = b2TimeOfImpact.cpp; sourceTree = "<group>"; };
		420ED955121FAD22004AA074 /* b2TimeOfImpact.h */ = {isa = PBXFileReference; fileEncoding = 4; lastKnownFileType = sourcecode.c.h; path = b2TimeOfImpact.h; sourceTree = "<group>"; };
		420ED957121FAD22004AA074 /* b2CircleShape.cpp */ = {isa = PBXFileReference; fileEncoding = 4; lastKnownFileType = sourcecode.cpp.cpp; path = b2CircleShape.cpp; sourceTree = "<group>"; };
		420ED958121FAD22004AA074 /* b2CircleShape.h */ = {isa = PBXFileReference; fileEncoding = 4; lastKnownFileType = sourcecode.c.h; path = b2CircleShape.h; sourceTree = "<group>"; };
		420ED959121FAD22004AA074 /* b2PolygonShape.cpp */ = {isa = PBXFileReference; fileEncoding = 4; lastKnownFileType = sourcecode.cpp.cpp; path = b2PolygonShape.cpp; sourceTree = "<group>"; };
		420ED95A121FAD22004AA074 /* b2PolygonShape.h */ = {isa = PBXFileReference; fileEncoding = 4; lastKnownFileType = sourcecode.c.h; path = b2PolygonShape.h; sourceTree = "<group>"; };
		420ED95B121FAD22004AA074 /* b2Shape.h */ = {isa = PBXFileReference; fileEncoding = 4; lastKnownFileType = sourcecode.c.h; path = b2Shape.h; sourceTree = "<group>"; };
		420ED95D121FAD22004AA074 /* b2BlockAllocator.cpp */ = {isa = PBXFileReference; fileEncoding = 4; lastKnownFileType = sourcecode.cpp.cpp; path = b2BlockAllocator.cpp; sourceTree = "<group>"; };
		420ED95E121FAD22004AA074 /* b2BlockAllocator.h */ = {isa = PBXFileReference; fileEncoding = 4; lastKnownFileType = sourcecode.c.h; path = b2BlockAllocator.h; sourceTree = "<group>"; };
		420ED95F121FAD22004AA074 /* b2Math.cpp */ = {isa = PBXFileReference; fileEncoding = 4; lastKnownFileType = sourcecode.cpp.cpp; path = b2Math.cpp; sourceTree = "<group>"; };
		420ED960121FAD22004AA074 /* b2Math.h */ = {isa = PBXFileReference; fileEncoding = 4; lastKnownFileType = sourcecode.c.h; path = b2Math.h; sourceTree = "<group>"; };
		420ED961121FAD22004AA074 /* b2Settings.cpp */ = {isa = PBXFileReference; fileEncoding = 4; lastKnownFileType = sourcecode.cpp.cpp; path = b2Settings.cpp; sourceTree = "<group>"; };
		420ED962121FAD22004AA074 /* b2Settings.h */ = {isa = PBXFileReference; fileEncoding = 4; lastKnownFileType = sourcecode.c.h; path = b2Settings.h; sourceTree = "<group>"; };
		420ED963121FAD22004AA074 /* b2StackAllocator.cpp */ = {isa = PBXFileReference; fileEncoding = 4; lastKnownFileType = sourcecode.cpp.cpp; path = b2StackAllocator.cpp; sourceTree = "<group>"; };
		420ED964121FAD22004AA074 /* b2StackAllocator.h */ = {isa = PBXFileReference; fileEncoding = 4; lastKnownFileType = sourcecode.c.h; path = b2StackAllocator.h; sourceTree = "<group>"; };
		420ED966121FAD22004AA074 /* b2Body.cpp */ = {isa = PBXFileReference; fileEncoding = 4; lastKnownFileType = sourcecode.cpp.cpp; path = b2Body.cpp; sourceTree = "<group>"; };
		420ED967121FAD22004AA074 /* b2Body.h */ = {isa = PBXFileReference; fileEncoding = 4; lastKnownFileType = sourcecode.c.h; path = b2Body.h; sourceTree = "<group>"; };
		420ED968121FAD22004AA074 /* b2ContactManager.cpp */ = {isa = PBXFileReference; fileEncoding = 4; lastKnownFileType = sourcecode.cpp.cpp; path = b2ContactManager.cpp; sourceTree = "<group>"; };
		420ED969121FAD22004AA074 /* b2ContactManager.h */ = {isa = PBXFileReference; fileEncoding = 4; lastKnownFileType = sourcecode.c.h; path = b2ContactManager.h; sourceTree = "<group>"; };
		420ED96A121FAD22004AA074 /* b2Fixture.cpp */ = {isa = PBXFileReference; fileEncoding = 4; lastKnownFileType = sourcecode.cpp.cpp; path = b2Fixture.cpp; sourceTree = "<group>"; };
		420ED96B121FAD22004AA074 /* b2Fixture.h */ = {isa = PBXFileReference; fileEncoding = 4; lastKnownFileType = sourcecode.c.h; path = b2Fixture.h; sourceTree = "<group>"; };
		420ED96C121FAD22004AA074 /* b2Island.cpp */ = {isa = PBXFileReference; fileEncoding = 4; lastKnownFileType = sourcecode.cpp.cpp; path = b2Island.cpp; sourceTree = "<group>"; };
		420ED96D121FAD22004AA074 /* b2Island.h */ = {isa = PBXFileReference; fileEncoding = 4; lastKnownFileType = sourcecode.c.h; path = b2Island.h; sourceTree = "<group>"; };
		420ED96E121FAD22004AA074 /* b2TimeStep.h */ = {isa = PBXFileReference; fileEncoding = 4; lastKnownFileType = sourcecode.c.h; path = b2TimeStep.h; sourceTree = "<group>"; };
		420ED96F121FAD22004AA074 /* b2World.cpp */ = {isa = PBXFileReference; fileEncoding = 4; lastKnownFileType = sourcecode.cpp.cpp; path = b2World.cpp; sourceTree = "<group>"; };
		420ED970121FAD22004AA074 /* b2World.h */ = {isa = PBXFileReference; fileEncoding = 4; lastKnownFileType = sourcecode.c.h; path = b2World.h; sourceTree = "<group>"; };
		420ED971121FAD22004AA074 /* b2WorldCallbacks.cpp */ = {isa = PBXFileReference; fileEncoding = 4; lastKnownFileType = sourcecode.cpp.cpp; path = b2WorldCallbacks.cpp; sourceTree = "<group>"; };
		420ED972121FAD22004AA074 /* b2WorldCallbacks.h */ = {isa = PBXFileReference; fileEncoding = 4; lastKnownFileType = sourcecode.c.h; path = b2WorldCallbacks.h; sourceTree = "<group>"; };
		420ED974121FAD22004AA074 /* b2CircleContact.cpp */ = {isa = PBXFileReference; fileEncoding = 4; lastKnownFileType = sourcecode.cpp.cpp; path = b2CircleContact.cpp; sourceTree = "<group>"; };
		420ED975121FAD22004AA074 /* b2CircleContact.h */ = {isa = PBXFileReference; fileEncoding = 4; lastKnownFileType = sourcecode.c.h; path = b2CircleContact.h; sourceTree = "<group>"; };
		420ED976121FAD22004AA074 /* b2Contact.cpp */ = {isa = PBXFileReference; fileEncoding = 4; lastKnownFileType = sourcecode.cpp.cpp; path = b2Contact.cpp; sourceTree = "<group>"; };
		420ED977121FAD22004AA074 /* b2Contact.h */ = {isa = PBXFileReference; fileEncoding = 4; lastKnownFileType = sourcecode.c.h; path = b2Contact.h; sourceTree = "<group>"; };
		420ED978121FAD22004AA074 /* b2ContactSolver.cpp */ = {isa = PBXFileReference; fileEncoding = 4; lastKnownFileType = sourcecode.cpp.cpp; path = b2ContactSolver.cpp; sourceTree = "<group>"; };
		420ED979121FAD22004AA074 /* b2ContactSolver.h */ = {isa = PBXFileReference; fileEncoding = 4; lastKnownFileType = sourcecode.c.h; path = b2ContactSolver.h; sourceTree = "<group>"; };
		420ED97A121FAD22004AA074 /* b2PolygonAndCircleContact.cpp */ = {isa = PBXFileReference; fileEncoding = 4; lastKnownFileType = sourcecode.cpp.cpp; path = b2PolygonAndCircleContact.cpp; sourceTree = "<group>"; };
		420ED97B121FAD22004AA074 /* b2PolygonAndCircleContact.h */ = {isa = PBXFileReference; fileEncoding = 4; lastKnownFileType = sourcecode.c.h; path = b2PolygonAndCircleContact.h; sourceTree = "<group>"; };
		420ED97C121FAD22004AA074 /* b2PolygonContact.cpp */ = {isa = PBXFileReference; fileEncoding = 4; lastKnownFileType = sourcecode.cpp.cpp; path = b2PolygonContact.cpp; sourceTree = "<group>"; };
		420ED97D121FAD22004AA074 /* b2PolygonContact.h */ = {isa = PBXFileReference; fileEncoding = 4; lastKnownFileType = sourcecode.c.h; path = b2PolygonContact.h; sourceTree = "<group>"; };
		420ED97E121FAD22004AA074 /* b2TOISolver.cpp */ = {isa = PBXFileReference; fileEncoding = 4; lastKnownFileType = sourcecode.cpp.cpp; path = b2TOISolver.cpp; sourceTree = "<group>"; };
		420ED97F121FAD22004AA074 /* b2TOISolver.h */ = {isa = PBXFileReference; fileEncoding = 4; lastKnownFileType = sourcecode.c.h; path = b2TOISolver.h; sourceTree = "<group>"; };
		420ED981121FAD22004AA074 /* b2DistanceJoint.cpp */ = {isa = PBXFileReference; fileEncoding = 4; lastKnownFileType = sourcecode.cpp.cpp; path = b2DistanceJoint.cpp; sourceTree = "<group>"; };
		420ED982121FAD22004AA074 /* b2DistanceJoint.h */ = {isa = PBXFileReference; fileEncoding = 4; lastKnownFileType = sourcecode.c.h; path = b2DistanceJoint.h; sourceTree = "<group>"; };
		420ED983121FAD22004AA074 /* b2FrictionJoint.cpp */ = {isa = PBXFileReference; fileEncoding = 4; lastKnownFileType = sourcecode.cpp.cpp; path = b2FrictionJoint.cpp; sourceTree = "<group>"; };
		420ED984121FAD22004AA074 /* b2FrictionJoint.h */ = {isa = PBXFileReference; fileEncoding = 4; lastKnownFileType = sourcecode.c.h; path = b2FrictionJoint.h; sourceTree = "<group>"; };
		420ED985121FAD22004AA074 /* b2GearJoint.cpp */ = {isa = PBXFileReference; fileEncoding = 4; lastKnownFileType = sourcecode.cpp.cpp; path = b2GearJoint.cpp; sourceTree = "<group>"; };
		420ED986121FAD22004AA074 /* b2GearJoint.h */ = {isa = PBXFileReference; fileEncoding = 4; lastKnownFileType = sourcecode.c.h; path = b2GearJoint.h; sourceTree = "<group>"; };
		420ED987121FAD22004AA074 /* b2Joint.cpp */ = {isa = PBXFileReference; fileEncoding = 4; lastKnownFileType = sourcecode.cpp.cpp; path = b2Joint.cpp; sourceTree = "<group>"; };
		420ED988121FAD22004AA074 /* b2Joint.h */ = {isa = PBXFileReference; fileEncoding = 4; lastKnownFileType = sourcecode.c.h; path = b2Joint.h; sourceTree = "<group>"; };
		420ED989121FAD22004AA074 /* b2LineJoint.cpp */ = {isa = PBXFileReference; fileEncoding = 4; lastKnownFileType = sourcecode.cpp.cpp; path = b2LineJoint.cpp; sourceTree = "<group>"; };
		420ED98A121FAD22004AA074 /* b2LineJoint.h */ = {isa = PBXFileReference; fileEncoding = 4; lastKnownFileType = sourcecode.c.h; path = b2LineJoint.h; sourceTree = "<group>"; };
		420ED98B121FAD22004AA074 /* b2MouseJoint.cpp */ = {isa = PBXFileReference; fileEncoding = 4; lastKnownFileType = sourcecode.cpp.cpp; path = b2MouseJoint.cpp; sourceTree = "<group>"; };
		420ED98C121FAD22004AA074 /* b2MouseJoint.h */ = {isa = PBXFileReference; fileEncoding = 4; lastKnownFileType = sourcecode.c.h; path = b2MouseJoint.h; sourceTree = "<group>"; };
		420ED98D121FAD22004AA074 /* b2PrismaticJoint.cpp */ = {isa = PBXFileReference; fileEncoding = 4; lastKnownFileType = sourcecode.cpp.cpp; path = b2PrismaticJoint.cpp; sourceTree = "<group>"; };
		420ED98E121FAD22004AA074 /* b2PrismaticJoint.h */ = {isa = PBXFileReference; fileEncoding = 4; lastKnownFileType = sourcecode.c.h; path = b2PrismaticJoint.h; sourceTree = "<group>"; };
		420ED98F121FAD22004AA074 /* b2PulleyJoint.cpp */ = {isa = PBXFileReference; fileEncoding = 4; lastKnownFileType = sourcecode.cpp.cpp; path = b2PulleyJoint.cpp; sourceTree = "<group>"; };
		420ED990121FAD22004AA074 /* b2PulleyJoint.h */ = {isa = PBXFileReference; fileEncoding = 4; lastKnownFileType = sourcecode.c.h; path = b2PulleyJoint.h; sourceTree = "<group>"; };
		420ED991121FAD22004AA074 /* b2RevoluteJoint.cpp */ = {isa = PBXFileReference; fileEncoding = 4; lastKnownFileType = sourcecode.cpp.cpp; path = b2RevoluteJoint.cpp; sourceTree = "<group>"; };
		420ED992121FAD22004AA074 /* b2RevoluteJoint.h */ = {isa = PBXFileReference; fileEncoding = 4; lastKnownFileType = sourcecode.c.h; path = b2RevoluteJoint.h; sourceTree = "<group>"; };
		420ED993121FAD22004AA074 /* b2WeldJoint.cpp */ = {isa = PBXFileReference; fileEncoding = 4; lastKnownFileType = sourcecode.cpp.cpp; path = b2WeldJoint.cpp; sourceTree = "<group>"; };
		420ED994121FAD22004AA074 /* b2WeldJoint.h */ = {isa = PBXFileReference; fileEncoding = 4; lastKnownFileType = sourcecode.c.h; path = b2WeldJoint.h; sourceTree = "<group>"; };
		42308066123E8067009F05DE /* font_mgr.cpp */ = {isa = PBXFileReference; fileEncoding = 4; lastKnownFileType = sourcecode.cpp.cpp; path = font_mgr.cpp; sourceTree = "<group>"; };
		42308067123E8067009F05DE /* font_mgr.h */ = {isa = PBXFileReference; fileEncoding = 4; lastKnownFileType = sourcecode.c.h; path = font_mgr.h; sourceTree = "<group>"; };
		42308068123E8067009F05DE /* input_mgr.cpp */ = {isa = PBXFileReference; fileEncoding = 4; lastKnownFileType = sourcecode.cpp.cpp; path = input_mgr.cpp; sourceTree = "<group>"; };
		42308069123E8067009F05DE /* input_mgr.h */ = {isa = PBXFileReference; fileEncoding = 4; lastKnownFileType = sourcecode.c.h; path = input_mgr.h; sourceTree = "<group>"; };
		4230806B123E8067009F05DE /* eagl_view.h */ = {isa = PBXFileReference; fileEncoding = 4; lastKnownFileType = sourcecode.c.h; path = eagl_view.h; sourceTree = "<group>"; };
		4230806C123E8067009F05DE /* eagl_view.mm */ = {isa = PBXFileReference; fileEncoding = 4; lastKnownFileType = sourcecode.cpp.objcpp; path = eagl_view.mm; sourceTree = "<group>"; };
		4230806D123E8067009F05DE /* platform_helper_ios.mm */ = {isa = PBXFileReference; fileEncoding = 4; lastKnownFileType = sourcecode.cpp.objcpp; path = platform_helper_ios.mm; sourceTree = "<group>"; };
		4230806E123E8067009F05DE /* render_context_ios.h */ = {isa = PBXFileReference; fileEncoding = 4; lastKnownFileType = sourcecode.c.h; path = render_context_ios.h; sourceTree = "<group>"; };
		4230806F123E8067009F05DE /* render_context_ios.mm */ = {isa = PBXFileReference; fileEncoding = 4; lastKnownFileType = sourcecode.cpp.objcpp; path = render_context_ios.mm; sourceTree = "<group>"; };
		42308070123E8067009F05DE /* texture_reader_uikit.h */ = {isa = PBXFileReference; fileEncoding = 4; lastKnownFileType = sourcecode.c.h; path = texture_reader_uikit.h; sourceTree = "<group>"; };
		42308071123E8067009F05DE /* texture_reader_uikit.mm */ = {isa = PBXFileReference; fileEncoding = 4; lastKnownFileType = sourcecode.cpp.objcpp; path = texture_reader_uikit.mm; sourceTree = "<group>"; };
		42308072123E8067009F05DE /* material_data.h */ = {isa = PBXFileReference; fileEncoding = 4; lastKnownFileType = sourcecode.c.h; path = material_data.h; sourceTree = "<group>"; };
		42308073123E8067009F05DE /* math_helper.cpp */ = {isa = PBXFileReference; fileEncoding = 4; lastKnownFileType = sourcecode.cpp.cpp; path = math_helper.cpp; sourceTree = "<group>"; };
		42308074123E8067009F05DE /* math_helper.h */ = {isa = PBXFileReference; fileEncoding = 4; lastKnownFileType = sourcecode.c.h; path = math_helper.h; sourceTree = "<group>"; };
		42308075123E8067009F05DE /* pch.h */ = {isa = PBXFileReference; fileEncoding = 4; lastKnownFileType = sourcecode.c.h; path = pch.h; sourceTree = "<group>"; };
		42308076123E8067009F05DE /* platform_helper.h */ = {isa = PBXFileReference; fileEncoding = 4; lastKnownFileType = sourcecode.c.h; path = platform_helper.h; sourceTree = "<group>"; };
		42308077123E8067009F05DE /* renderer.h */ = {isa = PBXFileReference; fileEncoding = 4; lastKnownFileType = sourcecode.c.h; path = renderer.h; sourceTree = "<group>"; };
		42308078123E8067009F05DE /* renderer_es1.cpp */ = {isa = PBXFileReference; fileEncoding = 4; lastKnownFileType = sourcecode.cpp.cpp; path = renderer_es1.cpp; sourceTree = "<group>"; };
		42308079123E8067009F05DE /* renderer_es1.h */ = {isa = PBXFileReference; fileEncoding = 4; lastKnownFileType = sourcecode.c.h; path = renderer_es1.h; sourceTree = "<group>"; };
		4230807C123E8067009F05DE /* render_context.h */ = {isa = PBXFileReference; fileEncoding = 4; lastKnownFileType = sourcecode.c.h; path = render_context.h; sourceTree = "<group>"; };
		4230807D123E8067009F05DE /* render_data.cpp */ = {isa = PBXFileReference; fileEncoding = 4; lastKnownFileType = sourcecode.cpp.cpp; path = render_data.cpp; sourceTree = "<group>"; };
		4230807E123E8067009F05DE /* render_data.h */ = {isa = PBXFileReference; fileEncoding = 4; lastKnownFileType = sourcecode.c.h; path = render_data.h; sourceTree = "<group>"; };
		4230807F123E8067009F05DE /* root.cpp */ = {isa = PBXFileReference; fileEncoding = 4; lastKnownFileType = sourcecode.cpp.cpp; path = root.cpp; sourceTree = "<group>"; };
		42308080123E8067009F05DE /* root.h */ = {isa = PBXFileReference; fileEncoding = 4; lastKnownFileType = sourcecode.c.h; path = root.h; sourceTree = "<group>"; };
		42308081123E8067009F05DE /* scene_actor.cpp */ = {isa = PBXFileReference; fileEncoding = 4; lastKnownFileType = sourcecode.cpp.cpp; path = scene_actor.cpp; sourceTree = "<group>"; };
		42308082123E8067009F05DE /* scene_actor.h */ = {isa = PBXFileReference; fileEncoding = 4; lastKnownFileType = sourcecode.c.h; path = scene_actor.h; sourceTree = "<group>"; };
		42308083123E8067009F05DE /* scene_mgr.cpp */ = {isa = PBXFileReference; fileEncoding = 4; lastKnownFileType = sourcecode.cpp.cpp; path = scene_mgr.cpp; sourceTree = "<group>"; };
		42308084123E8067009F05DE /* scene_mgr.h */ = {isa = PBXFileReference; fileEncoding = 4; lastKnownFileType = sourcecode.c.h; path = scene_mgr.h; sourceTree = "<group>"; };
		42308085123E8067009F05DE /* texture_mgr.cpp */ = {isa = PBXFileReference; fileEncoding = 4; lastKnownFileType = sourcecode.cpp.cpp; path = texture_mgr.cpp; sourceTree = "<group>"; };
		42308086123E8067009F05DE /* texture_mgr.h */ = {isa = PBXFileReference; fileEncoding = 4; lastKnownFileType = sourcecode.c.h; path = texture_mgr.h; sourceTree = "<group>"; };
		42308087123E8067009F05DE /* texture_reader.h */ = {isa = PBXFileReference; fileEncoding = 4; lastKnownFileType = sourcecode.c.h; path = texture_reader.h; sourceTree = "<group>"; };
		423F03DC123C98A6008FD2BC /* updater.h */ = {isa = PBXFileReference; fileEncoding = 4; lastKnownFileType = sourcecode.c.h; path = updater.h; sourceTree = "<group>"; };
		423F03DD123C98A6008FD2BC /* updater.cpp */ = {isa = PBXFileReference; fileEncoding = 4; lastKnownFileType = sourcecode.cpp.cpp; path = updater.cpp; sourceTree = "<group>"; };
		427773F8121C19EF004CAB6A /* collision_obj.h */ = {isa = PBXFileReference; fileEncoding = 4; lastKnownFileType = sourcecode.c.h; path = collision_obj.h; sourceTree = "<group>"; };
		427773F9121C19EF004CAB6A /* collision_obj.cpp */ = {isa = PBXFileReference; fileEncoding = 4; lastKnownFileType = sourcecode.cpp.cpp; path = collision_obj.cpp; sourceTree = "<group>"; };
		42777400121C19EF004CAB6A /* mirror_obj.h */ = {isa = PBXFileReference; fileEncoding = 4; lastKnownFileType = sourcecode.c.h; path = mirror_obj.h; sourceTree = "<group>"; };
		42777401121C19EF004CAB6A /* mirror_obj.cpp */ = {isa = PBXFileReference; fileEncoding = 4; lastKnownFileType = sourcecode.cpp.cpp; path = mirror_obj.cpp; sourceTree = "<group>"; };
		42777407121C19EF004CAB6A /* helper.h */ = {isa = PBXFileReference; fileEncoding = 4; lastKnownFileType = sourcecode.c.h; path = helper.h; sourceTree = "<group>"; };
		42B2CF9B121962C900075E3B /* QuartzCore.framework */ = {isa = PBXFileReference; lastKnownFileType = wrapper.framework; name = QuartzCore.framework; path = System/Library/Frameworks/QuartzCore.framework; sourceTree = SDKROOT; };
		42B2CFB21219630300075E3B /* AVFoundation.framework */ = {isa = PBXFileReference; lastKnownFileType = wrapper.framework; name = AVFoundation.framework; path = System/Library/Frameworks/AVFoundation.framework; sourceTree = SDKROOT; };
		42B2CFB61219631000075E3B /* AudioToolbox.framework */ = {isa = PBXFileReference; lastKnownFileType = wrapper.framework; name = AudioToolbox.framework; path = System/Library/Frameworks/AudioToolbox.framework; sourceTree = SDKROOT; };
		42B2CFBA1219632100075E3B /* OpenAL.framework */ = {isa = PBXFileReference; lastKnownFileType = wrapper.framework; name = OpenAL.framework; path = System/Library/Frameworks/OpenAL.framework; sourceTree = SDKROOT; };
		42B2CFBE1219633600075E3B /* OpenGLES.framework */ = {isa = PBXFileReference; lastKnownFileType = wrapper.framework; name = OpenGLES.framework; path = System/Library/Frameworks/OpenGLES.framework; sourceTree = SDKROOT; };
		42B2CFDC1219645F00075E3B /* kale.h */ = {isa = PBXFileReference; fileEncoding = 4; lastKnownFileType = sourcecode.c.h; path = kale.h; sourceTree = "<group>"; };
		42B2CFDD1219645F00075E3B /* kale.cpp */ = {isa = PBXFileReference; fileEncoding = 4; lastKnownFileType = sourcecode.cpp.cpp; path = kale.cpp; sourceTree = "<group>"; };
		42BCC9431241202C001795B1 /* Icon-72.png */ = {isa = PBXFileReference; lastKnownFileType = image.png; path = "Icon-72.png"; sourceTree = "<group>"; };
		42BCC9451241202C001795B1 /* Icon-Small-50.png */ = {isa = PBXFileReference; lastKnownFileType = image.png; path = "Icon-Small-50.png"; sourceTree = "<group>"; };
		42BCC9471241202C001795B1 /* Icon-Small.png */ = {isa = PBXFileReference; lastKnownFileType = image.png; path = "Icon-Small.png"; sourceTree = "<group>"; };
		42BCC9481241202C001795B1 /* Icon.png */ = {isa = PBXFileReference; lastKnownFileType = image.png; path = Icon.png; sourceTree = "<group>"; };
		8D1107310486CEB800E47090 /* kale-Info.plist */ = {isa = PBXFileReference; fileEncoding = 4; lastKnownFileType = text.plist.xml; path = "kale-Info.plist"; plistStructureDefinitionIdentifier = "com.apple.xcode.plist.structure-definition.iphone.info-plist"; sourceTree = "<group>"; };
		F601D3C3178A7D8100A8C289 /* Default-568h@2x.png */ = {isa = PBXFileReference; lastKnownFileType = image.png; path = "Default-568h@2x.png"; sourceTree = "<group>"; };
		F639A22214FC881D00AD1BF2 /* txt_actor.cpp */ = {isa = PBXFileReference; fileEncoding = 4; lastKnownFileType = sourcecode.cpp.cpp; path = txt_actor.cpp; sourceTree = "<group>"; };
		F639A22314FC881D00AD1BF2 /* txt_actor.h */ = {isa = PBXFileReference; fileEncoding = 4; lastKnownFileType = sourcecode.c.h; path = txt_actor.h; sourceTree = "<group>"; };
		F639A22514FC885200AD1BF2 /* sys_helper.cpp */ = {isa = PBXFileReference; fileEncoding = 4; lastKnownFileType = sourcecode.cpp.cpp; path = sys_helper.cpp; sourceTree = "<group>"; };
		F639A22614FC885200AD1BF2 /* sys_helper.h */ = {isa = PBXFileReference; fileEncoding = 4; lastKnownFileType = sourcecode.c.h; path = sys_helper.h; sourceTree = "<group>"; };
		F6403DCF178AF0ED001699CA /* audio_handler_al_apple.mm */ = {isa = PBXFileReference; fileEncoding = 4; lastKnownFileType = sourcecode.cpp.objcpp; path = audio_handler_al_apple.mm; sourceTree = "<group>"; };
		F6403DD1178AF0ED001699CA /* MyOpenALSupport.h */ = {isa = PBXFileReference; fileEncoding = 4; lastKnownFileType = sourcecode.c.h; path = MyOpenALSupport.h; sourceTree = "<group>"; };
		F6403DD2178AF0ED001699CA /* MyOpenALSupport.mm */ = {isa = PBXFileReference; fileEncoding = 4; lastKnownFileType = sourcecode.cpp.objcpp; path = MyOpenALSupport.mm; sourceTree = "<group>"; };
		F6403DD3178AF0ED001699CA /* audio_handler_al.cpp */ = {isa = PBXFileReference; fileEncoding = 4; lastKnownFileType = sourcecode.cpp.cpp; path = audio_handler_al.cpp; sourceTree = "<group>"; };
		F6403DD4178AF0ED001699CA /* audio_handler_al.h */ = {isa = PBXFileReference; fileEncoding = 4; lastKnownFileType = sourcecode.c.h; path = audio_handler_al.h; sourceTree = "<group>"; };
		F6403DD5178AF0ED001699CA /* audio_mgr.cpp */ = {isa = PBXFileReference; fileEncoding = 4; lastKnownFileType = sourcecode.cpp.cpp; path = audio_mgr.cpp; sourceTree = "<group>"; };
		F6403DD6178AF0ED001699CA /* audio_mgr.h */ = {isa = PBXFileReference; fileEncoding = 4; lastKnownFileType = sourcecode.c.h; path = audio_mgr.h; sourceTree = "<group>"; };
		F6403DD8178AF0ED001699CA /* audio_platform_helper_ios.h */ = {isa = PBXFileReference; fileEncoding = 4; lastKnownFileType = sourcecode.c.h; path = audio_platform_helper_ios.h; sourceTree = "<group>"; };
		F6403DD9178AF0ED001699CA /* audio_platform_helper_ios.mm */ = {isa = PBXFileReference; fileEncoding = 4; lastKnownFileType = sourcecode.cpp.objcpp; path = audio_platform_helper_ios.mm; sourceTree = "<group>"; };
		F6A4A1B01271FE86005C0692 /* platform_helper_apple.mm */ = {isa = PBXFileReference; fileEncoding = 4; lastKnownFileType = sourcecode.cpp.objcpp; path = platform_helper_apple.mm; sourceTree = "<group>"; };
		F6A5D088125702BF00EA37EE /* Icon@2x.png */ = {isa = PBXFileReference; lastKnownFileType = image.png; path = "Icon@2x.png"; sourceTree = "<group>"; };
		F6A5D24D1257690D00EA37EE /* Icon-Small@2x.png */ = {isa = PBXFileReference; lastKnownFileType = image.png; path = "Icon-Small@2x.png"; sourceTree = "<group>"; };
/* End PBXFileReference section */

/* Begin PBXFrameworksBuildPhase section */
		1D60588F0D05DD3D006BFB54 /* Frameworks */ = {
			isa = PBXFrameworksBuildPhase;
			buildActionMask = 2147483647;
			files = (
				1D60589F0D05DD5A006BFB54 /* Foundation.framework in Frameworks */,
				1DF5F4E00D08C38300B7A737 /* UIKit.framework in Frameworks */,
				288765FD0DF74451002DB57D /* CoreGraphics.framework in Frameworks */,
				42B2CF9C121962C900075E3B /* QuartzCore.framework in Frameworks */,
				42B2CFB31219630300075E3B /* AVFoundation.framework in Frameworks */,
				42B2CFB71219631000075E3B /* AudioToolbox.framework in Frameworks */,
				42B2CFBB1219632100075E3B /* OpenAL.framework in Frameworks */,
				42B2CFBF1219633600075E3B /* OpenGLES.framework in Frameworks */,
			);
			runOnlyForDeploymentPostprocessing = 0;
		};
/* End PBXFrameworksBuildPhase section */

/* Begin PBXGroup section */
		080E96DDFE201D6D7F000001 /* Classes */ = {
			isa = PBXGroup;
			children = (
				1D3623240D0F684500981E51 /* kaleAppDelegate.h */,
				1D3623250D0F684500981E51 /* kaleAppDelegate.mm */,
				42B2CFDC1219645F00075E3B /* kale.h */,
				42B2CFDD1219645F00075E3B /* kale.cpp */,
				427773F8121C19EF004CAB6A /* collision_obj.h */,
				427773F9121C19EF004CAB6A /* collision_obj.cpp */,
				42777400121C19EF004CAB6A /* mirror_obj.h */,
				42777401121C19EF004CAB6A /* mirror_obj.cpp */,
				42777407121C19EF004CAB6A /* helper.h */,
				420ED74E121F8754004AA074 /* contact_listener.h */,
				420ED74F121F8754004AA074 /* contact_listener.cpp */,
				423F03DC123C98A6008FD2BC /* updater.h */,
				423F03DD123C98A6008FD2BC /* updater.cpp */,
			);
			path = Classes;
			sourceTree = "<group>";
		};
		19C28FACFE9D520D11CA2CBB /* Products */ = {
			isa = PBXGroup;
			children = (
				1D6058910D05DD3D006BFB54 /* kico.app */,
			);
			name = Products;
			sourceTree = "<group>";
		};
		29B97314FDCFA39411CA2CEA /* CustomTemplate */ = {
			isa = PBXGroup;
			children = (
				42308065123E8067009F05DE /* eri */,
				F6403DC9178AF0ED001699CA /* hikaru */,
				420ED944121FAD22004AA074 /* Box2D */,
				080E96DDFE201D6D7F000001 /* Classes */,
				29B97315FDCFA39411CA2CEA /* Other Sources */,
				29B97317FDCFA39411CA2CEA /* Resources */,
				29B97323FDCFA39411CA2CEA /* Frameworks */,
				19C28FACFE9D520D11CA2CBB /* Products */,
			);
			indentWidth = 4;
			name = CustomTemplate;
			sourceTree = "<group>";
			tabWidth = 4;
			usesTabs = 1;
		};
		29B97315FDCFA39411CA2CEA /* Other Sources */ = {
			isa = PBXGroup;
			children = (
				32CA4F630368D1EE00C91783 /* kale_Prefix.pch */,
				29B97316FDCFA39411CA2CEA /* main.m */,
			);
			name = "Other Sources";
			sourceTree = "<group>";
		};
		29B97317FDCFA39411CA2CEA /* Resources */ = {
			isa = PBXGroup;
			children = (
				F601D3C3178A7D8100A8C289 /* Default-568h@2x.png */,
				F6A5D24D1257690D00EA37EE /* Icon-Small@2x.png */,
				F6A5D088125702BF00EA37EE /* Icon@2x.png */,
				42BCC9431241202C001795B1 /* Icon-72.png */,
				42BCC9451241202C001795B1 /* Icon-Small-50.png */,
				42BCC9471241202C001795B1 /* Icon-Small.png */,
				42BCC9481241202C001795B1 /* Icon.png */,
				420ED7AE121F89A2004AA074 /* media */,
				8D1107310486CEB800E47090 /* kale-Info.plist */,
			);
			name = Resources;
			sourceTree = "<group>";
		};
		29B97323FDCFA39411CA2CEA /* Frameworks */ = {
			isa = PBXGroup;
			children = (
				42B2CFBE1219633600075E3B /* OpenGLES.framework */,
				42B2CFBA1219632100075E3B /* OpenAL.framework */,
				42B2CFB61219631000075E3B /* AudioToolbox.framework */,
				42B2CFB21219630300075E3B /* AVFoundation.framework */,
				42B2CF9B121962C900075E3B /* QuartzCore.framework */,
				1DF5F4DF0D08C38300B7A737 /* UIKit.framework */,
				1D30AB110D05D00D00671497 /* Foundation.framework */,
				288765FC0DF74451002DB57D /* CoreGraphics.framework */,
			);
			name = Frameworks;
			sourceTree = "<group>";
		};
		420ED944121FAD22004AA074 /* Box2D */ = {
			isa = PBXGroup;
			children = (
				420ED946121FAD22004AA074 /* Box2D.h */,
				420ED949121FAD22004AA074 /* Collision */,
				420ED95C121FAD22004AA074 /* Common */,
				420ED965121FAD22004AA074 /* Dynamics */,
			);
			path = Box2D;
			sourceTree = "<group>";
		};
		420ED949121FAD22004AA074 /* Collision */ = {
			isa = PBXGroup;
			children = (
				420ED94A121FAD22004AA074 /* b2BroadPhase.cpp */,
				420ED94B121FAD22004AA074 /* b2BroadPhase.h */,
				420ED94C121FAD22004AA074 /* b2CollideCircle.cpp */,
				420ED94D121FAD22004AA074 /* b2CollidePolygon.cpp */,
				420ED94E121FAD22004AA074 /* b2Collision.cpp */,
				420ED94F121FAD22004AA074 /* b2Collision.h */,
				420ED950121FAD22004AA074 /* b2Distance.cpp */,
				420ED951121FAD22004AA074 /* b2Distance.h */,
				420ED952121FAD22004AA074 /* b2DynamicTree.cpp */,
				420ED953121FAD22004AA074 /* b2DynamicTree.h */,
				420ED954121FAD22004AA074 /* b2TimeOfImpact.cpp */,
				420ED955121FAD22004AA074 /* b2TimeOfImpact.h */,
				420ED956121FAD22004AA074 /* Shapes */,
			);
			name = Collision;
			path = Box2D/Collision;
			sourceTree = "<group>";
		};
		420ED956121FAD22004AA074 /* Shapes */ = {
			isa = PBXGroup;
			children = (
				420ED957121FAD22004AA074 /* b2CircleShape.cpp */,
				420ED958121FAD22004AA074 /* b2CircleShape.h */,
				420ED959121FAD22004AA074 /* b2PolygonShape.cpp */,
				420ED95A121FAD22004AA074 /* b2PolygonShape.h */,
				420ED95B121FAD22004AA074 /* b2Shape.h */,
			);
			path = Shapes;
			sourceTree = "<group>";
		};
		420ED95C121FAD22004AA074 /* Common */ = {
			isa = PBXGroup;
			children = (
				420ED95D121FAD22004AA074 /* b2BlockAllocator.cpp */,
				420ED95E121FAD22004AA074 /* b2BlockAllocator.h */,
				420ED95F121FAD22004AA074 /* b2Math.cpp */,
				420ED960121FAD22004AA074 /* b2Math.h */,
				420ED961121FAD22004AA074 /* b2Settings.cpp */,
				420ED962121FAD22004AA074 /* b2Settings.h */,
				420ED963121FAD22004AA074 /* b2StackAllocator.cpp */,
				420ED964121FAD22004AA074 /* b2StackAllocator.h */,
			);
			name = Common;
			path = Box2D/Common;
			sourceTree = "<group>";
		};
		420ED965121FAD22004AA074 /* Dynamics */ = {
			isa = PBXGroup;
			children = (
				420ED966121FAD22004AA074 /* b2Body.cpp */,
				420ED967121FAD22004AA074 /* b2Body.h */,
				420ED968121FAD22004AA074 /* b2ContactManager.cpp */,
				420ED969121FAD22004AA074 /* b2ContactManager.h */,
				420ED96A121FAD22004AA074 /* b2Fixture.cpp */,
				420ED96B121FAD22004AA074 /* b2Fixture.h */,
				420ED96C121FAD22004AA074 /* b2Island.cpp */,
				420ED96D121FAD22004AA074 /* b2Island.h */,
				420ED96E121FAD22004AA074 /* b2TimeStep.h */,
				420ED96F121FAD22004AA074 /* b2World.cpp */,
				420ED970121FAD22004AA074 /* b2World.h */,
				420ED971121FAD22004AA074 /* b2WorldCallbacks.cpp */,
				420ED972121FAD22004AA074 /* b2WorldCallbacks.h */,
				420ED973121FAD22004AA074 /* Contacts */,
				420ED980121FAD22004AA074 /* Joints */,
			);
			name = Dynamics;
			path = Box2D/Dynamics;
			sourceTree = "<group>";
		};
		420ED973121FAD22004AA074 /* Contacts */ = {
			isa = PBXGroup;
			children = (
				420ED974121FAD22004AA074 /* b2CircleContact.cpp */,
				420ED975121FAD22004AA074 /* b2CircleContact.h */,
				420ED976121FAD22004AA074 /* b2Contact.cpp */,
				420ED977121FAD22004AA074 /* b2Contact.h */,
				420ED978121FAD22004AA074 /* b2ContactSolver.cpp */,
				420ED979121FAD22004AA074 /* b2ContactSolver.h */,
				420ED97A121FAD22004AA074 /* b2PolygonAndCircleContact.cpp */,
				420ED97B121FAD22004AA074 /* b2PolygonAndCircleContact.h */,
				420ED97C121FAD22004AA074 /* b2PolygonContact.cpp */,
				420ED97D121FAD22004AA074 /* b2PolygonContact.h */,
				420ED97E121FAD22004AA074 /* b2TOISolver.cpp */,
				420ED97F121FAD22004AA074 /* b2TOISolver.h */,
			);
			path = Contacts;
			sourceTree = "<group>";
		};
		420ED980121FAD22004AA074 /* Joints */ = {
			isa = PBXGroup;
			children = (
				420ED981121FAD22004AA074 /* b2DistanceJoint.cpp */,
				420ED982121FAD22004AA074 /* b2DistanceJoint.h */,
				420ED983121FAD22004AA074 /* b2FrictionJoint.cpp */,
				420ED984121FAD22004AA074 /* b2FrictionJoint.h */,
				420ED985121FAD22004AA074 /* b2GearJoint.cpp */,
				420ED986121FAD22004AA074 /* b2GearJoint.h */,
				420ED987121FAD22004AA074 /* b2Joint.cpp */,
				420ED988121FAD22004AA074 /* b2Joint.h */,
				420ED989121FAD22004AA074 /* b2LineJoint.cpp */,
				420ED98A121FAD22004AA074 /* b2LineJoint.h */,
				420ED98B121FAD22004AA074 /* b2MouseJoint.cpp */,
				420ED98C121FAD22004AA074 /* b2MouseJoint.h */,
				420ED98D121FAD22004AA074 /* b2PrismaticJoint.cpp */,
				420ED98E121FAD22004AA074 /* b2PrismaticJoint.h */,
				420ED98F121FAD22004AA074 /* b2PulleyJoint.cpp */,
				420ED990121FAD22004AA074 /* b2PulleyJoint.h */,
				420ED991121FAD22004AA074 /* b2RevoluteJoint.cpp */,
				420ED992121FAD22004AA074 /* b2RevoluteJoint.h */,
				420ED993121FAD22004AA074 /* b2WeldJoint.cpp */,
				420ED994121FAD22004AA074 /* b2WeldJoint.h */,
			);
			path = Joints;
			sourceTree = "<group>";
		};
		42308065123E8067009F05DE /* eri */ = {
			isa = PBXGroup;
			children = (
				F6A4A1AF1271FE86005C0692 /* apple */,
				4230806A123E8067009F05DE /* ios */,
				42308066123E8067009F05DE /* font_mgr.cpp */,
				42308067123E8067009F05DE /* font_mgr.h */,
				42308068123E8067009F05DE /* input_mgr.cpp */,
				42308069123E8067009F05DE /* input_mgr.h */,
				42308072123E8067009F05DE /* material_data.h */,
				42308073123E8067009F05DE /* math_helper.cpp */,
				42308074123E8067009F05DE /* math_helper.h */,
				42308075123E8067009F05DE /* pch.h */,
				42308076123E8067009F05DE /* platform_helper.h */,
				42308077123E8067009F05DE /* renderer.h */,
				42308078123E8067009F05DE /* renderer_es1.cpp */,
				42308079123E8067009F05DE /* renderer_es1.h */,
				4230807C123E8067009F05DE /* render_context.h */,
				4230807D123E8067009F05DE /* render_data.cpp */,
				4230807E123E8067009F05DE /* render_data.h */,
				4230807F123E8067009F05DE /* root.cpp */,
				42308080123E8067009F05DE /* root.h */,
				42308081123E8067009F05DE /* scene_actor.cpp */,
				42308082123E8067009F05DE /* scene_actor.h */,
				42308083123E8067009F05DE /* scene_mgr.cpp */,
				42308084123E8067009F05DE /* scene_mgr.h */,
				F639A22514FC885200AD1BF2 /* sys_helper.cpp */,
				F639A22614FC885200AD1BF2 /* sys_helper.h */,
				42308085123E8067009F05DE /* texture_mgr.cpp */,
				42308086123E8067009F05DE /* texture_mgr.h */,
				42308087123E8067009F05DE /* texture_reader.h */,
				F639A22214FC881D00AD1BF2 /* txt_actor.cpp */,
				F639A22314FC881D00AD1BF2 /* txt_actor.h */,
			);
			path = eri;
			sourceTree = "<group>";
		};
		4230806A123E8067009F05DE /* ios */ = {
			isa = PBXGroup;
			children = (
				4230806B123E8067009F05DE /* eagl_view.h */,
				4230806C123E8067009F05DE /* eagl_view.mm */,
				4230806D123E8067009F05DE /* platform_helper_ios.mm */,
				4230806E123E8067009F05DE /* render_context_ios.h */,
				4230806F123E8067009F05DE /* render_context_ios.mm */,
				42308070123E8067009F05DE /* texture_reader_uikit.h */,
				42308071123E8067009F05DE /* texture_reader_uikit.mm */,
			);
			path = ios;
			sourceTree = "<group>";
		};
		F6403DC9178AF0ED001699CA /* hikaru */ = {
			isa = PBXGroup;
			children = (
				F6403DCE178AF0ED001699CA /* apple */,
				F6403DD7178AF0ED001699CA /* ios */,
				F6403DD3178AF0ED001699CA /* audio_handler_al.cpp */,
				F6403DD4178AF0ED001699CA /* audio_handler_al.h */,
				F6403DD5178AF0ED001699CA /* audio_mgr.cpp */,
				F6403DD6178AF0ED001699CA /* audio_mgr.h */,
			);
			path = hikaru;
			sourceTree = "<group>";
		};
		F6403DCE178AF0ED001699CA /* apple */ = {
			isa = PBXGroup;
			children = (
				F6403DCF178AF0ED001699CA /* audio_handler_al_apple.mm */,
				F6403DD0178AF0ED001699CA /* support */,
			);
			path = apple;
			sourceTree = "<group>";
		};
		F6403DD0178AF0ED001699CA /* support */ = {
			isa = PBXGroup;
			children = (
				F6403DD1178AF0ED001699CA /* MyOpenALSupport.h */,
				F6403DD2178AF0ED001699CA /* MyOpenALSupport.mm */,
			);
			path = support;
			sourceTree = "<group>";
		};
		F6403DD7178AF0ED001699CA /* ios */ = {
			isa = PBXGroup;
			children = (
				F6403DD8178AF0ED001699CA /* audio_platform_helper_ios.h */,
				F6403DD9178AF0ED001699CA /* audio_platform_helper_ios.mm */,
			);
			path = ios;
			sourceTree = "<group>";
		};
		F6A4A1AF1271FE86005C0692 /* apple */ = {
			isa = PBXGroup;
			children = (
				F6A4A1B01271FE86005C0692 /* platform_helper_apple.mm */,
			);
			name = apple;
			path = ../eri/src/apple;
			sourceTree = SOURCE_ROOT;
		};
/* End PBXGroup section */

/* Begin PBXNativeTarget section */
		1D6058900D05DD3D006BFB54 /* kale */ = {
			isa = PBXNativeTarget;
			buildConfigurationList = 1D6058960D05DD3E006BFB54 /* Build configuration list for PBXNativeTarget "kale" */;
			buildPhases = (
				1D60588D0D05DD3D006BFB54 /* Resources */,
				1D60588E0D05DD3D006BFB54 /* Sources */,
				1D60588F0D05DD3D006BFB54 /* Frameworks */,
			);
			buildRules = (
			);
			dependencies = (
			);
			name = kale;
			productName = kale;
			productReference = 1D6058910D05DD3D006BFB54 /* kico.app */;
			productType = "com.apple.product-type.application";
		};
/* End PBXNativeTarget section */

/* Begin PBXProject section */
		29B97313FDCFA39411CA2CEA /* Project object */ = {
			isa = PBXProject;
			attributes = {
				LastUpgradeCheck = 0460;
			};
			buildConfigurationList = C01FCF4E08A954540054247B /* Build configuration list for PBXProject "kale" */;
			compatibilityVersion = "Xcode 3.2";
			developmentRegion = English;
			hasScannedForEncodings = 1;
			knownRegions = (
				English,
				Japanese,
				French,
				German,
			);
			mainGroup = 29B97314FDCFA39411CA2CEA /* CustomTemplate */;
			projectDirPath = "";
			projectRoot = "";
			targets = (
				1D6058900D05DD3D006BFB54 /* kale */,
			);
		};
/* End PBXProject section */

/* Begin PBXResourcesBuildPhase section */
		1D60588D0D05DD3D006BFB54 /* Resources */ = {
			isa = PBXResourcesBuildPhase;
			buildActionMask = 2147483647;
			files = (
				420ED7B9121F89A2004AA074 /* media in Resources */,
				42BCC9491241202C001795B1 /* Icon-72.png in Resources */,
				42BCC94B1241202C001795B1 /* Icon-Small-50.png in Resources */,
				42BCC94D1241202C001795B1 /* Icon-Small.png in Resources */,
				42BCC94E1241202C001795B1 /* Icon.png in Resources */,
				F6A5D089125702BF00EA37EE /* Icon@2x.png in Resources */,
				F6A5D24E1257690D00EA37EE /* Icon-Small@2x.png in Resources */,
				F601D3C4178A7D8100A8C289 /* Default-568h@2x.png in Resources */,
			);
			runOnlyForDeploymentPostprocessing = 0;
		};
/* End PBXResourcesBuildPhase section */

/* Begin PBXSourcesBuildPhase section */
		1D60588E0D05DD3D006BFB54 /* Sources */ = {
			isa = PBXSourcesBuildPhase;
			buildActionMask = 2147483647;
			files = (
				1D60589B0D05DD56006BFB54 /* main.m in Sources */,
				1D3623260D0F684500981E51 /* kaleAppDelegate.mm in Sources */,
				42B2CFDE1219645F00075E3B /* kale.cpp in Sources */,
				427773FA121C19EF004CAB6A /* collision_obj.cpp in Sources */,
				42777402121C19EF004CAB6A /* mirror_obj.cpp in Sources */,
				420ED750121F8754004AA074 /* contact_listener.cpp in Sources */,
				420EDBD7121FAD25004AA074 /* b2BroadPhase.cpp in Sources */,
				420EDBD8121FAD25004AA074 /* b2CollideCircle.cpp in Sources */,
				420EDBD9121FAD25004AA074 /* b2CollidePolygon.cpp in Sources */,
				420EDBDA121FAD25004AA074 /* b2Collision.cpp in Sources */,
				420EDBDB121FAD25004AA074 /* b2Distance.cpp in Sources */,
				420EDBDC121FAD25004AA074 /* b2DynamicTree.cpp in Sources */,
				420EDBDD121FAD25004AA074 /* b2TimeOfImpact.cpp in Sources */,
				420EDBDE121FAD25004AA074 /* b2CircleShape.cpp in Sources */,
				420EDBDF121FAD25004AA074 /* b2PolygonShape.cpp in Sources */,
				420EDBE0121FAD25004AA074 /* b2BlockAllocator.cpp in Sources */,
				420EDBE1121FAD25004AA074 /* b2Math.cpp in Sources */,
				420EDBE2121FAD25004AA074 /* b2Settings.cpp in Sources */,
				420EDBE3121FAD25004AA074 /* b2StackAllocator.cpp in Sources */,
				420EDBE4121FAD25004AA074 /* b2Body.cpp in Sources */,
				420EDBE5121FAD25004AA074 /* b2ContactManager.cpp in Sources */,
				420EDBE6121FAD25004AA074 /* b2Fixture.cpp in Sources */,
				420EDBE7121FAD25004AA074 /* b2Island.cpp in Sources */,
				420EDBE8121FAD25004AA074 /* b2World.cpp in Sources */,
				420EDBE9121FAD25004AA074 /* b2WorldCallbacks.cpp in Sources */,
				420EDBEA121FAD25004AA074 /* b2CircleContact.cpp in Sources */,
				420EDBEB121FAD25004AA074 /* b2Contact.cpp in Sources */,
				420EDBEC121FAD25004AA074 /* b2ContactSolver.cpp in Sources */,
				420EDBED121FAD25004AA074 /* b2PolygonAndCircleContact.cpp in Sources */,
				420EDBEE121FAD25004AA074 /* b2PolygonContact.cpp in Sources */,
				420EDBEF121FAD25004AA074 /* b2TOISolver.cpp in Sources */,
				420EDBF0121FAD25004AA074 /* b2DistanceJoint.cpp in Sources */,
				420EDBF1121FAD25004AA074 /* b2FrictionJoint.cpp in Sources */,
				420EDBF2121FAD25004AA074 /* b2GearJoint.cpp in Sources */,
				420EDBF3121FAD25004AA074 /* b2Joint.cpp in Sources */,
				420EDBF4121FAD25004AA074 /* b2LineJoint.cpp in Sources */,
				420EDBF5121FAD25004AA074 /* b2MouseJoint.cpp in Sources */,
				420EDBF6121FAD25004AA074 /* b2PrismaticJoint.cpp in Sources */,
				420EDBF7121FAD25004AA074 /* b2PulleyJoint.cpp in Sources */,
				420EDBF8121FAD25004AA074 /* b2RevoluteJoint.cpp in Sources */,
				420EDBF9121FAD25004AA074 /* b2WeldJoint.cpp in Sources */,
				423F03DE123C98A6008FD2BC /* updater.cpp in Sources */,
				42308091123E8067009F05DE /* font_mgr.cpp in Sources */,
				42308092123E8067009F05DE /* input_mgr.cpp in Sources */,
				42308093123E8067009F05DE /* eagl_view.mm in Sources */,
				42308094123E8067009F05DE /* platform_helper_ios.mm in Sources */,
				42308095123E8067009F05DE /* render_context_ios.mm in Sources */,
				42308096123E8067009F05DE /* texture_reader_uikit.mm in Sources */,
				42308097123E8067009F05DE /* math_helper.cpp in Sources */,
				42308098123E8067009F05DE /* renderer_es1.cpp in Sources */,
				4230809A123E8067009F05DE /* render_data.cpp in Sources */,
				4230809B123E8067009F05DE /* root.cpp in Sources */,
				4230809C123E8067009F05DE /* scene_actor.cpp in Sources */,
				4230809D123E8067009F05DE /* scene_mgr.cpp in Sources */,
				4230809E123E8067009F05DE /* texture_mgr.cpp in Sources */,
				F6A4A1B11271FE86005C0692 /* platform_helper_apple.mm in Sources */,
				F639A22414FC881D00AD1BF2 /* txt_actor.cpp in Sources */,
				F639A22714FC885200AD1BF2 /* sys_helper.cpp in Sources */,
				F6403DDF178AF0ED001699CA /* audio_handler_al_apple.mm in Sources */,
				F6403DE0178AF0ED001699CA /* MyOpenALSupport.mm in Sources */,
				F6403DE1178AF0ED001699CA /* audio_handler_al.cpp in Sources */,
				F6403DE2178AF0ED001699CA /* audio_mgr.cpp in Sources */,
				F6403DE3178AF0ED001699CA /* audio_platform_helper_ios.mm in Sources */,
			);
			runOnlyForDeploymentPostprocessing = 0;
		};
/* End PBXSourcesBuildPhase section */

/* Begin XCBuildConfiguration section */
		1D6058940D05DD3E006BFB54 /* Debug */ = {
			isa = XCBuildConfiguration;
			buildSettings = {
				ALWAYS_SEARCH_USER_PATHS = NO;
				ARCHS = "$(VALID_ARCHS)";
				COPY_PHASE_STRIP = NO;
				GCC_DYNAMIC_NO_PIC = NO;
				GCC_OPTIMIZATION_LEVEL = 0;
				GCC_PRECOMPILE_PREFIX_HEADER = YES;
				GCC_PREFIX_HEADER = kale_Prefix.pch;
				GCC_THUMB_SUPPORT = NO;
				HEADER_SEARCH_PATHS = "\"$(SRCROOT)/Box2D\"";
				INFOPLIST_FILE = "kale-Info.plist";
				PRODUCT_NAME = kico;
				VALID_ARCHS = "armv6 armv7";
			};
			name = Debug;
		};
		1D6058950D05DD3E006BFB54 /* Release */ = {
			isa = XCBuildConfiguration;
			buildSettings = {
				ALWAYS_SEARCH_USER_PATHS = NO;
				ARCHS = "$(VALID_ARCHS)";
				COPY_PHASE_STRIP = YES;
				GCC_PRECOMPILE_PREFIX_HEADER = YES;
				GCC_PREFIX_HEADER = kale_Prefix.pch;
				GCC_THUMB_SUPPORT = NO;
				HEADER_SEARCH_PATHS = "\"$(SRCROOT)/Box2D\"";
				INFOPLIST_FILE = "kale-Info.plist";
				PRODUCT_NAME = kico;
				VALID_ARCHS = "armv6 armv7";
			};
			name = Release;
		};
		C01FCF4F08A954540054247B /* Debug */ = {
			isa = XCBuildConfiguration;
			buildSettings = {
				ARCHS = "$(VALID_ARCHS)";
				"CODE_SIGN_IDENTITY[sdk=iphoneos*]" = "iPhone Developer";
				GCC_C_LANGUAGE_STANDARD = c99;
				GCC_THUMB_SUPPORT = YES;
				"GCC_THUMB_SUPPORT[arch=armv6]" = NO;
				"GCC_THUMB_SUPPORT[arch=armv7]" = YES;
				GCC_WARN_ABOUT_RETURN_TYPE = YES;
				GCC_WARN_UNUSED_VARIABLE = YES;
				HEADER_SEARCH_PATHS = "";
				IPHONEOS_DEPLOYMENT_TARGET = 3.0;
				"PROVISIONING_PROFILE[sdk=iphoneos*]" = "";
				SDKROOT = iphoneos;
				VALID_ARCHS = "armv6 armv7";
			};
			name = Debug;
		};
		C01FCF5008A954540054247B /* Release */ = {
			isa = XCBuildConfiguration;
			buildSettings = {
				ARCHS = "$(VALID_ARCHS)";
				"CODE_SIGN_IDENTITY[sdk=iphoneos*]" = "iPhone Developer";
				GCC_C_LANGUAGE_STANDARD = c99;
				GCC_THUMB_SUPPORT = NO;
				"GCC_THUMB_SUPPORT[arch=armv6]" = NO;
				"GCC_THUMB_SUPPORT[arch=armv7]" = YES;
				GCC_WARN_ABOUT_RETURN_TYPE = YES;
				GCC_WARN_UNUSED_VARIABLE = YES;
				HEADER_SEARCH_PATHS = "";
				IPHONEOS_DEPLOYMENT_TARGET = 3.0;
				"PROVISIONING_PROFILE[sdk=iphoneos*]" = "";
				SDKROOT = iphoneos;
				VALID_ARCHS = "armv6 armv7";
			};
			name = Release;
		};
		F6FBC68F125A30960046935C /* Distribution */ = {
			isa = XCBuildConfiguration;
			buildSettings = {
				ARCHS = "$(VALID_ARCHS)";
				"CODE_SIGN_IDENTITY[sdk=iphoneos*]" = "iPhone Distribution";
				GCC_C_LANGUAGE_STANDARD = c99;
				GCC_THUMB_SUPPORT = NO;
				"GCC_THUMB_SUPPORT[arch=armv6]" = NO;
				"GCC_THUMB_SUPPORT[arch=armv7]" = YES;
				GCC_WARN_ABOUT_RETURN_TYPE = YES;
				GCC_WARN_UNUSED_VARIABLE = YES;
				HEADER_SEARCH_PATHS = "";
				IPHONEOS_DEPLOYMENT_TARGET = 3.0;
				"PROVISIONING_PROFILE[sdk=iphoneos*]" = "";
				SDKROOT = iphoneos;
				VALIDATE_PRODUCT = YES;
				VALID_ARCHS = "armv6 armv7";
			};
			name = Distribution;
		};
		F6FBC690125A30960046935C /* Distribution */ = {
			isa = XCBuildConfiguration;
			buildSettings = {
				ALWAYS_SEARCH_USER_PATHS = NO;
				ARCHS = "$(VALID_ARCHS)";
				COPY_PHASE_STRIP = YES;
				GCC_PRECOMPILE_PREFIX_HEADER = YES;
				GCC_PREFIX_HEADER = kale_Prefix.pch;
				GCC_THUMB_SUPPORT = NO;
				HEADER_SEARCH_PATHS = "\"$(SRCROOT)/Box2D\"";
				INFOPLIST_FILE = "kale-Info.plist";
				PRODUCT_NAME = kico;
				VALID_ARCHS = "armv6 armv7";
			};
			name = Distribution;
		};
/* End XCBuildConfiguration section */

/* Begin XCConfigurationList section */
		1D6058960D05DD3E006BFB54 /* Build configuration list for PBXNativeTarget "kale" */ = {
			isa = XCConfigurationList;
			buildConfigurations = (
				1D6058940D05DD3E006BFB54 /* Debug */,
				1D6058950D05DD3E006BFB54 /* Release */,
				F6FBC690125A30960046935C /* Distribution */,
			);
			defaultConfigurationIsVisible = 0;
			defaultConfigurationName = Release;
		};
		C01FCF4E08A954540054247B /* Build configuration list for PBXProject "kale" */ = {
			isa = XCConfigurationList;
			buildConfigurations = (
				C01FCF4F08A954540054247B /* Debug */,
				C01FCF5008A954540054247B /* Release */,
				F6FBC68F125A30960046935C /* Distribution */,
			);
			defaultConfigurationIsVisible = 0;
			defaultConfigurationName = Release;
		};
/* End XCConfigurationList section */
	};
	rootObject = 29B97313FDCFA39411CA2CEA /* Project object */;
}
